
Microsoft Visual Studio Solution File, Format Version 12.00
# Visual Studio Version 16
VisualStudioVersion = 16.0.29519.87
MinimumVisualStudioVersion = 10.0.40219.1
Project("{FAE04EC0-301F-11D3-BF4B-00C04F79EFBC}") = "RAELOS", "RAELOS\RAELOS.csproj", "{197BB1BA-92B5-4B6D-88BC-8F11B41CB2DB}"
EndProject
Global
	GlobalSection(SolutionConfigurationPlatforms) = preSolution
		Debug|Any CPU = Debug|Any CPU
		Release|Any CPU = Release|Any CPU
	EndGlobalSection
	GlobalSection(ProjectConfigurationPlatforms) = postSolution
		{197BB1BA-92B5-4B6D-88BC-8F11B41CB2DB}.Debug|Any CPU.ActiveCfg = Debug|Any CPU
		{197BB1BA-92B5-4B6D-88BC-8F11B41CB2DB}.Debug|Any CPU.Build.0 = Debug|Any CPU
		{197BB1BA-92B5-4B6D-88BC-8F11B41CB2DB}.Release|Any CPU.ActiveCfg = Release|Any CPU
		{197BB1BA-92B5-4B6D-88BC-8F11B41CB2DB}.Release|Any CPU.Build.0 = Release|Any CPU
	EndGlobalSection
	GlobalSection(SolutionProperties) = preSolution
		HideSolutionNode = FALSE
	EndGlobalSection
	GlobalSection(ExtensibilityGlobals) = postSolution
		SolutionGuid = {F7B035F4-6299-43D7-8CCC-63F591198A49}
	EndGlobalSection
EndGlobal
